{
  "name": "webarchive",
  "version": "0.1.0",
  "lockfileVersion": 3,
  "requires": true,
  "packages": {
    "": {
      "name": "webarchive",
      "version": "0.1.0",
      "devDependencies": {
        "@mozilla/readability": "^0.6.0",
        "@sqlite.org/sqlite-wasm": "^3.50.1-build1"
      }
    },
    "node_modules/@mozilla/readability": {
      "version": "0.6.0",
      "resolved": "https://registry.npmjs.org/@mozilla/readability/-/readability-0.6.0.tgz",
      "integrity": "sha512-juG5VWh4qAivzTAeMzvY9xs9HY5rAcr2E4I7tiSSCokRFi7XIZCAu92ZkSTsIj1OPceCifL3cpfteP3pDT9/QQ==",
      "dev": true,
      "license": "Apache-2.0",
      "engines": {
        "node": ">=14.0.0"
      }
    },
    "node_modules/@sqlite.org/sqlite-wasm": {
      "version": "3.50.1-build1",
      "resolved": "https://registry.npmjs.org/@sqlite.org/sqlite-wasm/-/sqlite-wasm-3.50.1-build1.tgz",
      "integrity": "sha512-yH4M/SHN98NibniIwTVk6rwTJjy7n39l7zwWY3u+qsfZBGTi4lC1uEl2NDvIlkzsFtfCBvHBJJFJ1iuU3UzzEQ==",
      "dev": true,
      "license": "Apache-2.0",
      "bin": {
        "sqlite-wasm": "bin/index.js"
      }
    }
  }
}
